
Microsoft Visual Studio Solution File, Format Version 12.00
# Visual Studio 15
VisualStudioVersion = 15.0.26430.16
MinimumVisualStudioVersion = 10.0.40219.1
Project("{FAE04EC0-301F-11D3-BF4B-00C04F79EFBC}") = "ESFA.UI.Specflow.Framework.FindACourse", "ESFA.UI.Specflow.Framework\ESFA.UI.Specflow.Framework.FindACourse.csproj", "{AFFF6638-BD32-41D3-8CB6-9D10139575D5}"
EndProject
Global
	GlobalSection(SolutionConfigurationPlatforms) = preSolution
		AndroidChrome|Any CPU = AndroidChrome|Any CPU
		AndroidNative|Any CPU = AndroidNative|Any CPU
		bsCreds|Any CPU = bsCreds|Any CPU
		iOSChrome|Any CPU = iOSChrome|Any CPU
		iOSFirefox|Any CPU = iOSFirefox|Any CPU
		iOSSafari|Any CPU = iOSSafari|Any CPU
		OSXECSafari|Any CPU = OSXECSafari|Any CPU
		OSXHSafari|Any CPU = OSXHSafari|Any CPU
		OSXHSChrome|Any CPU = OSXHSChrome|Any CPU
		OSXHSFirefox|Any CPU = OSXHSFirefox|Any CPU
		OSXHSSafari|Any CPU = OSXHSSafari|Any CPU
		Windows10Chrome|Any CPU = Windows10Chrome|Any CPU
		Windows10Edge|Any CPU = Windows10Edge|Any CPU
		Windows10Firefox|Any CPU = Windows10Firefox|Any CPU
		Windows10IE|Any CPU = Windows10IE|Any CPU
		zapProxyChrome|Any CPU = zapProxyChrome|Any CPU
	EndGlobalSection
	GlobalSection(ProjectConfigurationPlatforms) = postSolution
		{AFFF6638-BD32-41D3-8CB6-9D10139575D5}.AndroidChrome|Any CPU.ActiveCfg = AndroidChrome|Any CPU
		{AFFF6638-BD32-41D3-8CB6-9D10139575D5}.AndroidChrome|Any CPU.Build.0 = AndroidChrome|Any CPU
		{AFFF6638-BD32-41D3-8CB6-9D10139575D5}.AndroidNative|Any CPU.ActiveCfg = Debug|Any CPU
		{AFFF6638-BD32-41D3-8CB6-9D10139575D5}.AndroidNative|Any CPU.Build.0 = Debug|Any CPU
		{AFFF6638-BD32-41D3-8CB6-9D10139575D5}.bsCreds|Any CPU.ActiveCfg = Debug|Any CPU
		{AFFF6638-BD32-41D3-8CB6-9D10139575D5}.bsCreds|Any CPU.Build.0 = Debug|Any CPU
		{AFFF6638-BD32-41D3-8CB6-9D10139575D5}.iOSChrome|Any CPU.ActiveCfg = iOSChrome|Any CPU
		{AFFF6638-BD32-41D3-8CB6-9D10139575D5}.iOSChrome|Any CPU.Build.0 = iOSChrome|Any CPU
		{AFFF6638-BD32-41D3-8CB6-9D10139575D5}.iOSFirefox|Any CPU.ActiveCfg = iOSFirefox|Any CPU
		{AFFF6638-BD32-41D3-8CB6-9D10139575D5}.iOSFirefox|Any CPU.Build.0 = iOSFirefox|Any CPU
		{AFFF6638-BD32-41D3-8CB6-9D10139575D5}.iOSSafari|Any CPU.ActiveCfg = Debug|Any CPU
		{AFFF6638-BD32-41D3-8CB6-9D10139575D5}.iOSSafari|Any CPU.Build.0 = Debug|Any CPU
		{AFFF6638-BD32-41D3-8CB6-9D10139575D5}.OSXECSafari|Any CPU.ActiveCfg = OSXHSFirefox|Any CPU
		{AFFF6638-BD32-41D3-8CB6-9D10139575D5}.OSXECSafari|Any CPU.Build.0 = OSXHSFirefox|Any CPU
		{AFFF6638-BD32-41D3-8CB6-9D10139575D5}.OSXHSafari|Any CPU.ActiveCfg = OSXHSafari|Any CPU
		{AFFF6638-BD32-41D3-8CB6-9D10139575D5}.OSXHSafari|Any CPU.Build.0 = OSXHSafari|Any CPU
		{AFFF6638-BD32-41D3-8CB6-9D10139575D5}.OSXHSChrome|Any CPU.ActiveCfg = Debug|Any CPU
		{AFFF6638-BD32-41D3-8CB6-9D10139575D5}.OSXHSChrome|Any CPU.Build.0 = Debug|Any CPU
		{AFFF6638-BD32-41D3-8CB6-9D10139575D5}.OSXHSFirefox|Any CPU.ActiveCfg = OSXHSFirefox|Any CPU
		{AFFF6638-BD32-41D3-8CB6-9D10139575D5}.OSXHSFirefox|Any CPU.Build.0 = OSXHSFirefox|Any CPU
		{AFFF6638-BD32-41D3-8CB6-9D10139575D5}.OSXHSSafari|Any CPU.ActiveCfg = OSXHSafari|Any CPU
		{AFFF6638-BD32-41D3-8CB6-9D10139575D5}.OSXHSSafari|Any CPU.Build.0 = OSXHSafari|Any CPU
		{AFFF6638-BD32-41D3-8CB6-9D10139575D5}.Windows10Chrome|Any CPU.ActiveCfg = Windows10IE|Any CPU
		{AFFF6638-BD32-41D3-8CB6-9D10139575D5}.Windows10Chrome|Any CPU.Build.0 = Windows10IE|Any CPU
		{AFFF6638-BD32-41D3-8CB6-9D10139575D5}.Windows10Edge|Any CPU.ActiveCfg = Windows10Edge|Any CPU
		{AFFF6638-BD32-41D3-8CB6-9D10139575D5}.Windows10Edge|Any CPU.Build.0 = Windows10Edge|Any CPU
		{AFFF6638-BD32-41D3-8CB6-9D10139575D5}.Windows10Firefox|Any CPU.ActiveCfg = Debug|Any CPU
		{AFFF6638-BD32-41D3-8CB6-9D10139575D5}.Windows10Firefox|Any CPU.Build.0 = Debug|Any CPU
		{AFFF6638-BD32-41D3-8CB6-9D10139575D5}.Windows10IE|Any CPU.ActiveCfg = Windows10IE|Any CPU
		{AFFF6638-BD32-41D3-8CB6-9D10139575D5}.Windows10IE|Any CPU.Build.0 = Windows10IE|Any CPU
		{AFFF6638-BD32-41D3-8CB6-9D10139575D5}.zapProxyChrome|Any CPU.ActiveCfg = OSXHSSafari|Any CPU
		{AFFF6638-BD32-41D3-8CB6-9D10139575D5}.zapProxyChrome|Any CPU.Build.0 = OSXHSSafari|Any CPU
	EndGlobalSection
	GlobalSection(SolutionProperties) = preSolution
		HideSolutionNode = FALSE
	EndGlobalSection
	GlobalSection(ExtensibilityGlobals) = postSolution
		SolutionGuid = {72FD2ACF-E50C-4131-B8BA-02562B06E50B}
	EndGlobalSection
EndGlobal
