
Microsoft Visual Studio Solution File, Format Version 12.00
# Visual Studio 15
VisualStudioVersion = 15.0.27703.2047
MinimumVisualStudioVersion = 10.0.40219.1
Project("{9A19103F-16F7-4668-BE54-9A1E7A4F7556}") = "Dfc.FindACourse.Web", "src\Dfc.FindACourse.Web\Dfc.FindACourse.Web.csproj", "{0F9CF633-86D7-487C-AC16-DC01603EEECA}"
EndProject
Project("{9A19103F-16F7-4668-BE54-9A1E7A4F7556}") = "Dfc.FindACourse.Services", "src\Dfc.FindACourse.Services\Dfc.FindACourse.Services.csproj", "{2B153E92-01E2-48F8-A840-7E90F71E2928}"
EndProject
Project("{9A19103F-16F7-4668-BE54-9A1E7A4F7556}") = "Dfc.FindACourse.Common", "src\Dfc.FindACourse.Common\Dfc.FindACourse.Common.csproj", "{10D1E861-595E-4C40-B750-FAE547DDFE3D}"
EndProject
Project("{9A19103F-16F7-4668-BE54-9A1E7A4F7556}") = "Dfc.FindACourse.Common.UnitTests", "tests\Dfc.FindACourse.Common.UnitTests\Dfc.FindACourse.Common.UnitTests.csproj", "{4D06FB61-B9C2-4EC8-BD50-E6C4A7B08B3C}"
EndProject
Project("{FAE04EC0-301F-11D3-BF4B-00C04F79EFBC}") = "Dfc.FindACourse.Web.UnitTest", "Dfc.FindACourse.Web.UnitTest\Dfc.FindACourse.Web.UnitTest.csproj", "{7AF739C5-FB15-4ED2-91E0-C970551A0445}"
EndProject
Global
	GlobalSection(SolutionConfigurationPlatforms) = preSolution
		Debug|Any CPU = Debug|Any CPU
		Release|Any CPU = Release|Any CPU
	EndGlobalSection
	GlobalSection(ProjectConfigurationPlatforms) = postSolution
		{0F9CF633-86D7-487C-AC16-DC01603EEECA}.Debug|Any CPU.ActiveCfg = Debug|Any CPU
		{0F9CF633-86D7-487C-AC16-DC01603EEECA}.Debug|Any CPU.Build.0 = Debug|Any CPU
		{0F9CF633-86D7-487C-AC16-DC01603EEECA}.Release|Any CPU.ActiveCfg = Release|Any CPU
		{0F9CF633-86D7-487C-AC16-DC01603EEECA}.Release|Any CPU.Build.0 = Release|Any CPU
		{2B153E92-01E2-48F8-A840-7E90F71E2928}.Debug|Any CPU.ActiveCfg = Debug|Any CPU
		{2B153E92-01E2-48F8-A840-7E90F71E2928}.Debug|Any CPU.Build.0 = Debug|Any CPU
		{2B153E92-01E2-48F8-A840-7E90F71E2928}.Release|Any CPU.ActiveCfg = Release|Any CPU
		{2B153E92-01E2-48F8-A840-7E90F71E2928}.Release|Any CPU.Build.0 = Release|Any CPU
		{10D1E861-595E-4C40-B750-FAE547DDFE3D}.Debug|Any CPU.ActiveCfg = Debug|Any CPU
		{10D1E861-595E-4C40-B750-FAE547DDFE3D}.Debug|Any CPU.Build.0 = Debug|Any CPU
		{10D1E861-595E-4C40-B750-FAE547DDFE3D}.Release|Any CPU.ActiveCfg = Release|Any CPU
		{10D1E861-595E-4C40-B750-FAE547DDFE3D}.Release|Any CPU.Build.0 = Release|Any CPU
		{4D06FB61-B9C2-4EC8-BD50-E6C4A7B08B3C}.Debug|Any CPU.ActiveCfg = Debug|Any CPU
		{4D06FB61-B9C2-4EC8-BD50-E6C4A7B08B3C}.Debug|Any CPU.Build.0 = Debug|Any CPU
		{4D06FB61-B9C2-4EC8-BD50-E6C4A7B08B3C}.Release|Any CPU.ActiveCfg = Release|Any CPU
		{4D06FB61-B9C2-4EC8-BD50-E6C4A7B08B3C}.Release|Any CPU.Build.0 = Release|Any CPU
		{7AF739C5-FB15-4ED2-91E0-C970551A0445}.Debug|Any CPU.ActiveCfg = Debug|Any CPU
		{7AF739C5-FB15-4ED2-91E0-C970551A0445}.Debug|Any CPU.Build.0 = Debug|Any CPU
		{7AF739C5-FB15-4ED2-91E0-C970551A0445}.Release|Any CPU.ActiveCfg = Release|Any CPU
		{7AF739C5-FB15-4ED2-91E0-C970551A0445}.Release|Any CPU.Build.0 = Release|Any CPU
	EndGlobalSection
	GlobalSection(SolutionProperties) = preSolution
		HideSolutionNode = FALSE
	EndGlobalSection
	GlobalSection(ExtensibilityGlobals) = postSolution
		SolutionGuid = {062EB2D4-62CB-4538-BACA-3BDC298F547C}
	EndGlobalSection
EndGlobal
