
Microsoft Visual Studio Solution File, Format Version 12.00
# Visual Studio 15
VisualStudioVersion = 15.0.27703.2047
MinimumVisualStudioVersion = 10.0.40219.1
Project("{FAE04EC0-301F-11D3-BF4B-00C04F79EFBC}") = "Dfc.FindACourse.Web", "Dfc.FindACourse.Web\Dfc.FindACourse.Web.csproj", "{0F9CF633-86D7-487C-AC16-DC01603EEECA}"
EndProject
Global
	GlobalSection(SolutionConfigurationPlatforms) = preSolution
		Debug|Any CPU = Debug|Any CPU
		Release|Any CPU = Release|Any CPU
	EndGlobalSection
	GlobalSection(ProjectConfigurationPlatforms) = postSolution
		{0F9CF633-86D7-487C-AC16-DC01603EEECA}.Debug|Any CPU.ActiveCfg = Debug|Any CPU
		{0F9CF633-86D7-487C-AC16-DC01603EEECA}.Debug|Any CPU.Build.0 = Debug|Any CPU
		{0F9CF633-86D7-487C-AC16-DC01603EEECA}.Release|Any CPU.ActiveCfg = Release|Any CPU
		{0F9CF633-86D7-487C-AC16-DC01603EEECA}.Release|Any CPU.Build.0 = Release|Any CPU
	EndGlobalSection
	GlobalSection(SolutionProperties) = preSolution
		HideSolutionNode = FALSE
	EndGlobalSection
	GlobalSection(ExtensibilityGlobals) = postSolution
		SolutionGuid = {062EB2D4-62CB-4538-BACA-3BDC298F547C}
	EndGlobalSection
EndGlobal
